<?xml version="1.0" encoding="utf-8"?>
<Project ToolsVersion="4.0" xmlns="http://schemas.microsoft.com/developer/msbuild/2003">
  <ItemGroup>
    <Filter Include="Source Files">
      <UniqueIdentifier>{4FC737F1-C7A5-4376-A066-2A32D752A2FF}</UniqueIdentifier>
      <Extensions>cpp;c;cc;cxx;def;odl;idl;hpj;bat;asm;asmx</Extensions>
    </Filter>
    <Filter Include="Header Files">
      <UniqueIdentifier>{93995380-89BD-4b04-88EB-625FBE52EBFB}</UniqueIdentifier>
      <Extensions>h;hh;hpp;hxx;hm;inl;inc;xsd</Extensions>
    </Filter>
    <Filter Include="Resource Files">
      <UniqueIdentifier>{67DA6AB6-F800-4c08-8B7A-83BB121AAD01}</UniqueIdentifier>
      <Extensions>rc;ico;cur;bmp;dlg;rc2;rct;bin;rgs;gif;jpg;jpeg;jpe;resx;tiff;tif;png;wav</Extensions>
    </Filter>
  </ItemGroup>
  <ItemGroup>
    <ClCompile Include="src\animatedtexture.cpp">
      <Filter>Source Files</Filter>
    </ClCompile>
    <ClCompile Include="src\attacktrail.cpp">
      <Filter>Source Files</Filter>
    </ClCompile>
    <ClCompile Include="src\bullet.cpp">
      <Filter>Source Files</Filter>
    </ClCompile>
    <ClCompile Include="src\bulletattachlist.cpp">
      <Filter>Source Files</Filter>
    </ClCompile>
    <ClCompile Include="src\bulletbase.cpp">
      <Filter>Source Files</Filter>
    </ClCompile>
    <ClCompile Include="src\bulletjudge.cpp">
      <Filter>Source Files</Filter>
    </ClCompile>
    <ClCompile Include="src\bulletlist.cpp">
      <Filter>Source Files</Filter>
    </ClCompile>
    <ClCompile Include="src\bulletscene.cpp">
      <Filter>Source Files</Filter>
    </ClCompile>
    <ClCompile Include="src\bulletscript.cpp">
      <Filter>Source Files</Filter>
    </ClCompile>
    <ClCompile Include="src\danmakulyrica.cpp">
      <Filter>Source Files</Filter>
    </ClCompile>
    <ClCompile Include="src\enemy.cpp">
      <Filter>Source Files</Filter>
    </ClCompile>
    <ClCompile Include="src\luascript.cpp">
      <Filter>Source Files</Filter>
    </ClCompile>
    <ClCompile Include="src\luatask.cpp">
      <Filter>Source Files</Filter>
    </ClCompile>
    <ClCompile Include="src\luatimeline.cpp">
      <Filter>Source Files</Filter>
    </ClCompile>
    <ClCompile Include="src\main.cpp">
      <Filter>Source Files</Filter>
    </ClCompile>
    <ClCompile Include="src\maingame.cpp">
      <Filter>Source Files</Filter>
    </ClCompile>
    <ClCompile Include="src\mapstate.cpp">
      <Filter>Source Files</Filter>
    </ClCompile>
    <ClCompile Include="src\noteentity.cpp">
      <Filter>Source Files</Filter>
    </ClCompile>
    <ClCompile Include="src\notejudge.cpp">
      <Filter>Source Files</Filter>
    </ClCompile>
    <ClCompile Include="src\notelist.cpp">
      <Filter>Source Files</Filter>
    </ClCompile>
    <ClCompile Include="src\notemap.cpp">
      <Filter>Source Files</Filter>
    </ClCompile>
    <ClCompile Include="src\notescene.cpp">
      <Filter>Source Files</Filter>
    </ClCompile>
    <ClCompile Include="src\numbersprite.cpp">
      <Filter>Source Files</Filter>
    </ClCompile>
    <ClCompile Include="src\player.cpp">
      <Filter>Source Files</Filter>
    </ClCompile>
    <ClCompile Include="src\score.cpp">
      <Filter>Source Files</Filter>
    </ClCompile>
    <ClCompile Include="src\segment.cpp">
      <Filter>Source Files</Filter>
    </ClCompile>
    <ClCompile Include="src\spiritwheel.cpp">
      <Filter>Source Files</Filter>
    </ClCompile>
    <ClCompile Include="src\splash.cpp">
      <Filter>Source Files</Filter>
    </ClCompile>
    <ClCompile Include="src\textureregistry.cpp">
      <Filter>Source Files</Filter>
    </ClCompile>
    <ClCompile Include="src\texturestrip.cpp">
      <Filter>Source Files</Filter>
    </ClCompile>
    <ClCompile Include="src\core\accuratetimer.cpp">
      <Filter>Source Files</Filter>
    </ClCompile>
    <ClCompile Include="src\core\beatticking.cpp">
      <Filter>Source Files</Filter>
    </ClCompile>
    <ClCompile Include="src\core\beattime.cpp">
      <Filter>Source Files</Filter>
    </ClCompile>
    <ClCompile Include="src\core\registry.cpp">
      <Filter>Source Files</Filter>
    </ClCompile>
    <ClCompile Include="src\core\ticking.cpp">
      <Filter>Source Files</Filter>
    </ClCompile>
    <ClCompile Include="src\core\timeline.cpp">
      <Filter>Source Files</Filter>
    </ClCompile>
    <ClCompile Include="src\entity\entity.cpp">
      <Filter>Source Files</Filter>
    </ClCompile>
    <ClCompile Include="src\entity\entityattachlist.cpp">
      <Filter>Source Files</Filter>
    </ClCompile>
    <ClCompile Include="src\entity\entityevent.cpp">
      <Filter>Source Files</Filter>
    </ClCompile>
    <ClCompile Include="src\entity\entitylist.cpp">
      <Filter>Source Files</Filter>
    </ClCompile>
    <ClCompile Include="src\entity\functionevent.cpp">
      <Filter>Source Files</Filter>
    </ClCompile>
    <ClCompile Include="src\entity\movement.cpp">
      <Filter>Source Files</Filter>
    </ClCompile>
    <ClCompile Include="src\entity\position.cpp">
      <Filter>Source Files</Filter>
    </ClCompile>
    <ClCompile Include="src\entity\renderobject.cpp">
      <Filter>Source Files</Filter>
    </ClCompile>
    <ClCompile Include="src\entity\sprite.cpp">
      <Filter>Source Files</Filter>
    </ClCompile>
    <ClCompile Include="src\graphics\gfxcore.cpp">
      <Filter>Source Files</Filter>
    </ClCompile>
    <ClCompile Include="src\graphics\gfxresource.cpp">
      <Filter>Source Files</Filter>
    </ClCompile>
    <ClCompile Include="src\graphics\imagepiece.cpp">
      <Filter>Source Files</Filter>
    </ClCompile>
    <ClCompile Include="src\graphics\rendersurface.cpp">
      <Filter>Source Files</Filter>
    </ClCompile>
    <ClCompile Include="src\graphics\rendertarget.cpp">
      <Filter>Source Files</Filter>
    </ClCompile>
    <ClCompile Include="src\graphics\rendertexture.cpp">
      <Filter>Source Files</Filter>
    </ClCompile>
    <ClCompile Include="src\graphics\textrenderer.cpp">
      <Filter>Source Files</Filter>
    </ClCompile>
    <ClCompile Include="src\graphics\texturecache.cpp">
      <Filter>Source Files</Filter>
    </ClCompile>
    <ClCompile Include="src\graphics\vertexbuffer.cpp">
      <Filter>Source Files</Filter>
    </ClCompile>
    <ClCompile Include="src\keybinding\keybinding.cpp">
      <Filter>Source Files</Filter>
    </ClCompile>
    <ClCompile Include="src\scene\scene.cpp">
      <Filter>Source Files</Filter>
    </ClCompile>
    <ClCompile Include="src\scene\scenemanager.cpp">
      <Filter>Source Files</Filter>
    </ClCompile>
    <ClCompile Include="src\sound\soundregistry.cpp">
      <Filter>Source Files</Filter>
    </ClCompile>
    <ClCompile Include="src\sound\sounds.cpp">
      <Filter>Source Files</Filter>
    </ClCompile>
  </ItemGroup>
  <ItemGroup>
    <ClInclude Include="src\animatedtexture.h">
      <Filter>Header Files</Filter>
    </ClInclude>
    <ClInclude Include="src\attacktrail.h">
      <Filter>Header Files</Filter>
    </ClInclude>
    <ClInclude Include="src\bullet.h">
      <Filter>Header Files</Filter>
    </ClInclude>
    <ClInclude Include="src\bulletattachlist.h">
      <Filter>Header Files</Filter>
    </ClInclude>
    <ClInclude Include="src\bulletbase.h">
      <Filter>Header Files</Filter>
    </ClInclude>
    <ClInclude Include="src\bulletdef.h">
      <Filter>Header Files</Filter>
    </ClInclude>
    <ClInclude Include="src\bulletjudge.h">
      <Filter>Header Files</Filter>
    </ClInclude>
    <ClInclude Include="src\bulletlist.h">
      <Filter>Header Files</Filter>
    </ClInclude>
    <ClInclude Include="src\bulletscene.h">
      <Filter>Header Files</Filter>
    </ClInclude>
    <ClInclude Include="src\bulletscript.h">
      <Filter>Header Files</Filter>
    </ClInclude>
    <ClInclude Include="src\bullettype.h">
      <Filter>Header Files</Filter>
    </ClInclude>
    <ClInclude Include="src\danmakulyrica.h">
      <Filter>Header Files</Filter>
    </ClInclude>
    <ClInclude Include="src\enemy.h">
      <Filter>Header Files</Filter>
    </ClInclude>
    <ClInclude Include="src\luascript.h">
      <Filter>Header Files</Filter>
    </ClInclude>
    <ClInclude Include="src\luatask.h">
      <Filter>Header Files</Filter>
    </ClInclude>
    <ClInclude Include="src\luatimeline.h">
      <Filter>Header Files</Filter>
    </ClInclude>
    <ClInclude Include="src\maingame.h">
      <Filter>Header Files</Filter>
    </ClInclude>
    <ClInclude Include="src\mapstate.h">
      <Filter>Header Files</Filter>
    </ClInclude>
    <ClInclude Include="src\notedef.h">
      <Filter>Header Files</Filter>
    </ClInclude>
    <ClInclude Include="src\noteentity.h">
      <Filter>Header Files</Filter>
    </ClInclude>
    <ClInclude Include="src\notejudge.h">
      <Filter>Header Files</Filter>
    </ClInclude>
    <ClInclude Include="src\notelist.h">
      <Filter>Header Files</Filter>
    </ClInclude>
    <ClInclude Include="src\notemap.h">
      <Filter>Header Files</Filter>
    </ClInclude>
    <ClInclude Include="src\notescene.h">
      <Filter>Header Files</Filter>
    </ClInclude>
    <ClInclude Include="src\numbersprite.h">
      <Filter>Header Files</Filter>
    </ClInclude>
    <ClInclude Include="src\player.h">
      <Filter>Header Files</Filter>
    </ClInclude>
    <ClInclude Include="src\score.h">
      <Filter>Header Files</Filter>
    </ClInclude>
    <ClInclude Include="src\segment.h">
      <Filter>Header Files</Filter>
    </ClInclude>
    <ClInclude Include="src\spiritwheel.h">
      <Filter>Header Files</Filter>
    </ClInclude>
    <ClInclude Include="src\splash.h">
      <Filter>Header Files</Filter>
    </ClInclude>
    <ClInclude Include="src\textureregistry.h">
      <Filter>Header Files</Filter>
    </ClInclude>
    <ClInclude Include="src\texturestrip.h">
      <Filter>Header Files</Filter>
    </ClInclude>
    <ClInclude Include="src\core\accuratetimer.h">
      <Filter>Header Files</Filter>
    </ClInclude>
    <ClInclude Include="src\core\beatticking.h">
      <Filter>Header Files</Filter>
    </ClInclude>
    <ClInclude Include="src\core\beattime.h">
      <Filter>Header Files</Filter>
    </ClInclude>
    <ClInclude Include="src\core\commondef.h">
      <Filter>Header Files</Filter>
    </ClInclude>
    <ClInclude Include="src\core\debug.h">
      <Filter>Header Files</Filter>
    </ClInclude>
    <ClInclude Include="src\core\mathhelper.h">
      <Filter>Header Files</Filter>
    </ClInclude>
    <ClInclude Include="src\core\registry.h">
      <Filter>Header Files</Filter>
    </ClInclude>
    <ClInclude Include="src\core\ticking.h">
      <Filter>Header Files</Filter>
    </ClInclude>
    <ClInclude Include="src\core\timeline.h">
      <Filter>Header Files</Filter>
    </ClInclude>
    <ClInclude Include="src\entity\entity.h">
      <Filter>Header Files</Filter>
    </ClInclude>
    <ClInclude Include="src\entity\entityattachlist.h">
      <Filter>Header Files</Filter>
    </ClInclude>
    <ClInclude Include="src\entity\entityevent.h">
      <Filter>Header Files</Filter>
    </ClInclude>
    <ClInclude Include="src\entity\entitylist.h">
      <Filter>Header Files</Filter>
    </ClInclude>
    <ClInclude Include="src\entity\functionevent.h">
      <Filter>Header Files</Filter>
    </ClInclude>
    <ClInclude Include="src\entity\movement.h">
      <Filter>Header Files</Filter>
    </ClInclude>
    <ClInclude Include="src\entity\position.h">
      <Filter>Header Files</Filter>
    </ClInclude>
    <ClInclude Include="src\entity\renderobject.h">
      <Filter>Header Files</Filter>
    </ClInclude>
    <ClInclude Include="src\entity\sprite.h">
      <Filter>Header Files</Filter>
    </ClInclude>
    <ClInclude Include="src\graphics\gfxcore.h">
      <Filter>Header Files</Filter>
    </ClInclude>
    <ClInclude Include="src\graphics\gfxdef.h">
      <Filter>Header Files</Filter>
    </ClInclude>
    <ClInclude Include="src\graphics\gfxresource.h">
      <Filter>Header Files</Filter>
    </ClInclude>
    <ClInclude Include="src\graphics\graphics.h">
      <Filter>Header Files</Filter>
    </ClInclude>
    <ClInclude Include="src\graphics\imagepiece.h">
      <Filter>Header Files</Filter>
    </ClInclude>
    <ClInclude Include="src\graphics\rendersurface.h">
      <Filter>Header Files</Filter>
    </ClInclude>
    <ClInclude Include="src\graphics\rendertarget.h">
      <Filter>Header Files</Filter>
    </ClInclude>
    <ClInclude Include="src\graphics\rendertexture.h">
      <Filter>Header Files</Filter>
    </ClInclude>
    <ClInclude Include="src\graphics\textrenderer.h">
      <Filter>Header Files</Filter>
    </ClInclude>
    <ClInclude Include="src\graphics\texturecache.h">
      <Filter>Header Files</Filter>
    </ClInclude>
    <ClInclude Include="src\graphics\vertexbuffer.h">
      <Filter>Header Files</Filter>
    </ClInclude>
    <ClInclude Include="src\keybinding\keybinding.h">
      <Filter>Header Files</Filter>
    </ClInclude>
    <ClInclude Include="src\scene\scene.h">
      <Filter>Header Files</Filter>
    </ClInclude>
    <ClInclude Include="src\scene\scenemanager.h">
      <Filter>Header Files</Filter>
    </ClInclude>
    <ClInclude Include="src\sound\soundregistry.h">
      <Filter>Header Files</Filter>
    </ClInclude>
    <ClInclude Include="src\sound\sounds.h">
      <Filter>Header Files</Filter>
    </ClInclude>
  </ItemGroup>
</Project>