<?xml version="1.0" encoding="utf-8"?>
<Project ToolsVersion="4.0" xmlns="http://schemas.microsoft.com/developer/msbuild/2003">
  <ItemGroup>
    <Filter Include="Objects">
      <UniqueIdentifier>{a90924ed-7c6b-43db-b91d-8fd7e2264e34}</UniqueIdentifier>
    </Filter>
    <Filter Include="Entities">
      <UniqueIdentifier>{45669617-77f8-4db6-9b39-881dd54b3599}</UniqueIdentifier>
    </Filter>
    <Filter Include="Notemap">
      <UniqueIdentifier>{bc91d7f0-fadb-48b8-b70c-760fd2ccfd28}</UniqueIdentifier>
    </Filter>
    <Filter Include="Scenes">
      <UniqueIdentifier>{9074e0da-7b91-4282-875f-c284a6f67253}</UniqueIdentifier>
    </Filter>
    <Filter Include="Util">
      <UniqueIdentifier>{358a7a0f-17b2-4730-af39-df036a0bf253}</UniqueIdentifier>
    </Filter>
    <Filter Include="Bullet">
      <UniqueIdentifier>{0c295408-adcb-4053-a0b0-861f7824c2fd}</UniqueIdentifier>
    </Filter>
    <Filter Include="0Core">
      <UniqueIdentifier>{9fa0ee67-95a8-4323-954b-ea88eee0dc35}</UniqueIdentifier>
    </Filter>
    <Filter Include="0Core\Entity">
      <UniqueIdentifier>{955af33e-fe50-4933-9b85-746c36b91221}</UniqueIdentifier>
    </Filter>
    <Filter Include="0Core\Graphics">
      <UniqueIdentifier>{5e59e00f-0c7e-4480-831d-f80a11235c24}</UniqueIdentifier>
    </Filter>
    <Filter Include="0Core\Input">
      <UniqueIdentifier>{2c1a3767-eac4-429f-b6ea-82a2ab7b5c0b}</UniqueIdentifier>
    </Filter>
    <Filter Include="0Core\Sound">
      <UniqueIdentifier>{fb69ffd2-b007-4f80-9437-6b3fd1d816b0}</UniqueIdentifier>
    </Filter>
    <Filter Include="0Core\Script">
      <UniqueIdentifier>{a76d34ca-53ba-4cbd-8585-ac65e8ba529f}</UniqueIdentifier>
    </Filter>
    <Filter Include="0Core\Script\Event">
      <UniqueIdentifier>{88824304-671e-41e6-8373-22efd81d7d24}</UniqueIdentifier>
    </Filter>
    <Filter Include="0Core\Scene">
      <UniqueIdentifier>{bfbf2658-41bf-45fa-ae8e-b7fd2eec55ac}</UniqueIdentifier>
    </Filter>
    <Filter Include="0Core\Util">
      <UniqueIdentifier>{0258536d-2605-4e59-91b5-542b2662aeb5}</UniqueIdentifier>
    </Filter>
    <Filter Include="0Core\Time">
      <UniqueIdentifier>{6b42d150-0c34-44a5-bd62-f02453b52d07}</UniqueIdentifier>
    </Filter>
  </ItemGroup>
  <ItemGroup>
    <ClCompile Include="core\accuratetimer.cpp">
      <Filter>0Core\Time</Filter>
    </ClCompile>
    <ClCompile Include="animatedtexture.cpp">
      <Filter>Objects</Filter>
    </ClCompile>
    <ClCompile Include="core\beattime.cpp">
      <Filter>0Core\Time</Filter>
    </ClCompile>
    <ClCompile Include="entity\entitylist.cpp">
      <Filter>0Core\Entity</Filter>
    </ClCompile>
    <ClCompile Include="entity\entity.cpp">
      <Filter>0Core\Entity</Filter>
    </ClCompile>
    <ClCompile Include="graphics\gfxcore.cpp">
      <Filter>0Core\Graphics</Filter>
    </ClCompile>
    <ClCompile Include="graphics\gfxresource.cpp">
      <Filter>0Core\Graphics</Filter>
    </ClCompile>
    <ClCompile Include="luascript.cpp">
      <Filter>0Core\Script</Filter>
    </ClCompile>
    <ClCompile Include="luatask.cpp">
      <Filter>0Core\Script</Filter>
    </ClCompile>
    <ClCompile Include="luatimeline.cpp">
      <Filter>0Core\Script</Filter>
    </ClCompile>
    <ClCompile Include="maingame.cpp">
      <Filter>0Core\Scene</Filter>
    </ClCompile>
    <ClCompile Include="main.cpp" />
    <ClCompile Include="entity\movement.cpp">
      <Filter>0Core\Entity</Filter>
    </ClCompile>
    <ClCompile Include="entity\entityattachlist.cpp">
      <Filter>0Core\Entity</Filter>
    </ClCompile>
    <ClCompile Include="entity\entityevent.cpp">
      <Filter>0Core\Script\Event</Filter>
    </ClCompile>
    <ClCompile Include="entity\functionevent.cpp">
      <Filter>0Core\Script\Event</Filter>
    </ClCompile>
    <ClCompile Include="keybinding\keybinding.cpp">
      <Filter>0Core\Input</Filter>
    </ClCompile>
    <ClCompile Include="entity\position.cpp">
      <Filter>0Core\Entity</Filter>
    </ClCompile>
    <ClCompile Include="core\registry.cpp">
      <Filter>0Core\Util</Filter>
    </ClCompile>
    <ClCompile Include="entity\renderobject.cpp">
      <Filter>0Core\Entity</Filter>
    </ClCompile>
    <ClCompile Include="graphics\rendertarget.cpp">
      <Filter>0Core\Graphics</Filter>
    </ClCompile>
    <ClCompile Include="graphics\rendertexture.cpp">
      <Filter>0Core\Graphics</Filter>
    </ClCompile>
    <ClCompile Include="scene\scene.cpp">
      <Filter>0Core\Scene</Filter>
    </ClCompile>
    <ClCompile Include="scene\scenemanager.cpp">
      <Filter>0Core\Scene</Filter>
    </ClCompile>
    <ClCompile Include="sound\soundregistry.cpp">
      <Filter>0Core\Sound</Filter>
    </ClCompile>
    <ClCompile Include="sound\sounds.cpp">
      <Filter>0Core\Sound</Filter>
    </ClCompile>
    <ClCompile Include="entity\sprite.cpp">
      <Filter>0Core\Entity</Filter>
    </ClCompile>
    <ClCompile Include="graphics\textrenderer.cpp">
      <Filter>0Core\Graphics</Filter>
    </ClCompile>
    <ClCompile Include="graphics\texturecache.cpp">
      <Filter>0Core\Graphics</Filter>
    </ClCompile>
    <ClCompile Include="textureregistry.cpp">
      <Filter>0Core\Graphics</Filter>
    </ClCompile>
    <ClCompile Include="texturestrip.cpp">
      <Filter>0Core\Graphics</Filter>
    </ClCompile>
    <ClCompile Include="core\ticking.cpp">
      <Filter>0Core\Time</Filter>
    </ClCompile>
    <ClCompile Include="graphics\vertexbuffer.cpp">
      <Filter>0Core\Graphics</Filter>
    </ClCompile>
    <ClCompile Include="score.cpp">
      <Filter>Objects</Filter>
    </ClCompile>
    <ClCompile Include="bullet.cpp">
      <Filter>Bullet</Filter>
    </ClCompile>
    <ClCompile Include="bulletattachlist.cpp">
      <Filter>Bullet</Filter>
    </ClCompile>
    <ClCompile Include="bulletbase.cpp">
      <Filter>Bullet</Filter>
    </ClCompile>
    <ClCompile Include="bulletjudge.cpp">
      <Filter>Bullet</Filter>
    </ClCompile>
    <ClCompile Include="bulletlist.cpp">
      <Filter>Bullet</Filter>
    </ClCompile>
    <ClCompile Include="bulletscene.cpp">
      <Filter>Bullet</Filter>
    </ClCompile>
    <ClCompile Include="bulletscript.cpp">
      <Filter>Bullet</Filter>
    </ClCompile>
    <ClCompile Include="attacktrail.cpp">
      <Filter>Entities</Filter>
    </ClCompile>
    <ClCompile Include="mapstate.cpp">
      <Filter>Notemap</Filter>
    </ClCompile>
    <ClCompile Include="noteentity.cpp">
      <Filter>Notemap</Filter>
    </ClCompile>
    <ClCompile Include="notejudge.cpp">
      <Filter>Notemap</Filter>
    </ClCompile>
    <ClCompile Include="notelist.cpp">
      <Filter>Notemap</Filter>
    </ClCompile>
    <ClCompile Include="notemap.cpp">
      <Filter>Notemap</Filter>
    </ClCompile>
    <ClCompile Include="notescene.cpp">
      <Filter>Notemap</Filter>
    </ClCompile>
    <ClCompile Include="enemy.cpp">
      <Filter>Entities</Filter>
    </ClCompile>
    <ClCompile Include="player.cpp">
      <Filter>Entities</Filter>
    </ClCompile>
    <ClCompile Include="segment.cpp">
      <Filter>Notemap</Filter>
    </ClCompile>
    <ClCompile Include="spiritwheel.cpp">
      <Filter>Entities</Filter>
    </ClCompile>
    <ClCompile Include="danmakulyrica.cpp" />
    <ClCompile Include="splash.cpp">
      <Filter>Entities</Filter>
    </ClCompile>
    <ClCompile Include="numbersprite.cpp">
      <Filter>Entities</Filter>
    </ClCompile>
    <ClCompile Include="graphics\texturepiece.cpp">
      <Filter>0Core\Graphics</Filter>
    </ClCompile>
    <ClCompile Include="timemanager.cpp">
      <Filter>0Core\Time</Filter>
    </ClCompile>
    <ClCompile Include="beatprovider.cpp">
      <Filter>0Core\Time</Filter>
    </ClCompile>
    <ClCompile Include="core\smoothtimer.cpp">
      <Filter>0Core\Time</Filter>
    </ClCompile>
    <ClCompile Include="timeprovider.cpp">
      <Filter>0Core\Time</Filter>
    </ClCompile>
    <ClCompile Include="notemapbeatprovider.cpp">
      <Filter>Notemap</Filter>
    </ClCompile>
  </ItemGroup>
  <ItemGroup>
    <ClInclude Include="core\accuratetimer.h">
      <Filter>0Core\Time</Filter>
    </ClInclude>
    <ClInclude Include="animatedtexture.h">
      <Filter>Objects</Filter>
    </ClInclude>
    <ClInclude Include="core\beattime.h">
      <Filter>0Core\Time</Filter>
    </ClInclude>
    <ClInclude Include="core\commondef.h">
      <Filter>0Core\Util</Filter>
    </ClInclude>
    <ClInclude Include="core\debug.h">
      <Filter>0Core\Util</Filter>
    </ClInclude>
    <ClInclude Include="entity\entitylist.h">
      <Filter>0Core\Entity</Filter>
    </ClInclude>
    <ClInclude Include="entity\entity.h">
      <Filter>0Core\Entity</Filter>
    </ClInclude>
    <ClInclude Include="graphics\gfxcore.h">
      <Filter>0Core\Graphics</Filter>
    </ClInclude>
    <ClInclude Include="graphics\gfxdef.h">
      <Filter>0Core\Graphics</Filter>
    </ClInclude>
    <ClInclude Include="graphics\gfxresource.h">
      <Filter>0Core\Graphics</Filter>
    </ClInclude>
    <ClInclude Include="graphics\graphics.h">
      <Filter>0Core\Graphics</Filter>
    </ClInclude>
    <ClInclude Include="luascript.h">
      <Filter>0Core\Script</Filter>
    </ClInclude>
    <ClInclude Include="luatimeline.h">
      <Filter>0Core\Script</Filter>
    </ClInclude>
    <ClInclude Include="luatask.h">
      <Filter>0Core\Script</Filter>
    </ClInclude>
    <ClInclude Include="core\mathhelper.h">
      <Filter>0Core\Util</Filter>
    </ClInclude>
    <ClInclude Include="maingame.h">
      <Filter>0Core\Scene</Filter>
    </ClInclude>
    <ClInclude Include="entity\movement.h">
      <Filter>0Core\Entity</Filter>
    </ClInclude>
    <ClInclude Include="entity\entityattachlist.h">
      <Filter>0Core\Entity</Filter>
    </ClInclude>
    <ClInclude Include="entity\entityevent.h">
      <Filter>0Core\Script\Event</Filter>
    </ClInclude>
    <ClInclude Include="entity\functionevent.h">
      <Filter>0Core\Script\Event</Filter>
    </ClInclude>
    <ClInclude Include="keybinding\keybinding.h">
      <Filter>0Core\Input</Filter>
    </ClInclude>
    <ClInclude Include="entity\position.h">
      <Filter>0Core\Entity</Filter>
    </ClInclude>
    <ClInclude Include="core\registry.h">
      <Filter>0Core\Util</Filter>
    </ClInclude>
    <ClInclude Include="entity\renderobject.h">
      <Filter>0Core\Entity</Filter>
    </ClInclude>
    <ClInclude Include="graphics\rendertexture.h">
      <Filter>0Core\Graphics</Filter>
    </ClInclude>
    <ClInclude Include="graphics\rendertarget.h">
      <Filter>0Core\Graphics</Filter>
    </ClInclude>
    <ClInclude Include="scene\scenemanager.h">
      <Filter>0Core\Scene</Filter>
    </ClInclude>
    <ClInclude Include="scene\scene.h">
      <Filter>0Core\Scene</Filter>
    </ClInclude>
    <ClInclude Include="sound\soundregistry.h">
      <Filter>0Core\Sound</Filter>
    </ClInclude>
    <ClInclude Include="sound\sounds.h">
      <Filter>0Core\Sound</Filter>
    </ClInclude>
    <ClInclude Include="entity\sprite.h">
      <Filter>0Core\Entity</Filter>
    </ClInclude>
    <ClInclude Include="graphics\textrenderer.h">
      <Filter>0Core\Graphics</Filter>
    </ClInclude>
    <ClInclude Include="graphics\texturecache.h">
      <Filter>0Core\Graphics</Filter>
    </ClInclude>
    <ClInclude Include="textureregistry.h">
      <Filter>0Core\Graphics</Filter>
    </ClInclude>
    <ClInclude Include="texturestrip.h">
      <Filter>0Core\Graphics</Filter>
    </ClInclude>
    <ClInclude Include="core\ticking.h">
      <Filter>0Core\Time</Filter>
    </ClInclude>
    <ClInclude Include="graphics\vertexbuffer.h">
      <Filter>0Core\Graphics</Filter>
    </ClInclude>
    <ClInclude Include="score.h">
      <Filter>Objects</Filter>
    </ClInclude>
    <ClInclude Include="bullet.h">
      <Filter>Bullet</Filter>
    </ClInclude>
    <ClInclude Include="bulletattachlist.h">
      <Filter>Bullet</Filter>
    </ClInclude>
    <ClInclude Include="bulletbase.h">
      <Filter>Bullet</Filter>
    </ClInclude>
    <ClInclude Include="bulletdef.h">
      <Filter>Bullet</Filter>
    </ClInclude>
    <ClInclude Include="bulletjudge.h">
      <Filter>Bullet</Filter>
    </ClInclude>
    <ClInclude Include="bulletlist.h">
      <Filter>Bullet</Filter>
    </ClInclude>
    <ClInclude Include="bulletscene.h">
      <Filter>Bullet</Filter>
    </ClInclude>
    <ClInclude Include="bulletscript.h">
      <Filter>Bullet</Filter>
    </ClInclude>
    <ClInclude Include="bullettype.h">
      <Filter>Bullet</Filter>
    </ClInclude>
    <ClInclude Include="attacktrail.h">
      <Filter>Entities</Filter>
    </ClInclude>
    <ClInclude Include="mapstate.h">
      <Filter>Notemap</Filter>
    </ClInclude>
    <ClInclude Include="notedef.h">
      <Filter>Notemap</Filter>
    </ClInclude>
    <ClInclude Include="noteentity.h">
      <Filter>Notemap</Filter>
    </ClInclude>
    <ClInclude Include="notejudge.h">
      <Filter>Notemap</Filter>
    </ClInclude>
    <ClInclude Include="notelist.h">
      <Filter>Notemap</Filter>
    </ClInclude>
    <ClInclude Include="notemap.h">
      <Filter>Notemap</Filter>
    </ClInclude>
    <ClInclude Include="notescene.h">
      <Filter>Notemap</Filter>
    </ClInclude>
    <ClInclude Include="enemy.h">
      <Filter>Entities</Filter>
    </ClInclude>
    <ClInclude Include="player.h">
      <Filter>Entities</Filter>
    </ClInclude>
    <ClInclude Include="segment.h">
      <Filter>Notemap</Filter>
    </ClInclude>
    <ClInclude Include="spiritwheel.h">
      <Filter>Entities</Filter>
    </ClInclude>
    <ClInclude Include="danmakulyrica.h" />
    <ClInclude Include="splash.h">
      <Filter>Entities</Filter>
    </ClInclude>
    <ClInclude Include="numbersprite.h">
      <Filter>Entities</Filter>
    </ClInclude>
    <ClInclude Include="graphics\texturepiece.h">
      <Filter>0Core\Graphics</Filter>
    </ClInclude>
    <ClInclude Include="version.h" />
    <ClInclude Include="timemanager.h">
      <Filter>0Core\Time</Filter>
    </ClInclude>
    <ClInclude Include="beatprovider.h">
      <Filter>0Core\Time</Filter>
    </ClInclude>
    <ClInclude Include="core\smoothtimer.h">
      <Filter>0Core\Time</Filter>
    </ClInclude>
    <ClInclude Include="timeprovider.h">
      <Filter>0Core\Time</Filter>
    </ClInclude>
    <ClInclude Include="notemapbeatprovider.h">
      <Filter>Notemap</Filter>
    </ClInclude>
  </ItemGroup>
  <ItemGroup>
    <Text Include="DanmakuLyrica\data\stage\stage.txt" />
  </ItemGroup>
</Project>